
Microsoft Visual Studio Solution File, Format Version 12.00
# Visual Studio 15
VisualStudioVersion = 15.0.28307.705
MinimumVisualStudioVersion = 10.0.40219.1
Project("{FAE04EC0-301F-11D3-BF4B-00C04F79EFBC}") = "SitePi", "SitePi\SitePi.csproj", "{BC75A8A4-33F7-441C-9D8A-DB6D671513B5}"
EndProject
Global
	GlobalSection(SolutionConfigurationPlatforms) = preSolution
		Debug|Any CPU = Debug|Any CPU
		Release|Any CPU = Release|Any CPU
	EndGlobalSection
	GlobalSection(ProjectConfigurationPlatforms) = postSolution
		{BC75A8A4-33F7-441C-9D8A-DB6D671513B5}.Debug|Any CPU.ActiveCfg = Debug|Any CPU
		{BC75A8A4-33F7-441C-9D8A-DB6D671513B5}.Debug|Any CPU.Build.0 = Debug|Any CPU
		{BC75A8A4-33F7-441C-9D8A-DB6D671513B5}.Release|Any CPU.ActiveCfg = Release|Any CPU
		{BC75A8A4-33F7-441C-9D8A-DB6D671513B5}.Release|Any CPU.Build.0 = Release|Any CPU
	EndGlobalSection
	GlobalSection(SolutionProperties) = preSolution
		HideSolutionNode = FALSE
	EndGlobalSection
	GlobalSection(ExtensibilityGlobals) = postSolution
		SolutionGuid = {FF87C93D-C99D-4C41-9BF2-CDFD1D0D7497}
	EndGlobalSection
EndGlobal
